
Microsoft Visual Studio Solution File, Format Version 12.00
# Visual Studio Version 17
VisualStudioVersion = 17.0.32014.148
MinimumVisualStudioVersion = 10.0.40219.1
Project("{2150E333-8FDC-42A3-9474-1A3956D46DE8}") = "KWFCommon", "KWFCommon", "{8777F49D-3609-41BF-A73E-E8047EEA1CE3}"
EndProject
Project("{9A19103F-16F7-4668-BE54-9A1E7A4F7556}") = "Implementation", "KWFCommon\Implementation\Implementation.csproj", "{3C9833CF-F8C8-4146-B74C-64CA0932DC65}"
EndProject
Project("{9A19103F-16F7-4668-BE54-9A1E7A4F7556}") = "Abstractions", "KWFCommon\Abstractions\Abstractions.csproj", "{1BA26171-8C58-4F16-801A-261631089C61}"
EndProject
Project("{9A19103F-16F7-4668-BE54-9A1E7A4F7556}") = "Extensions", "KWFCommon\Extensions\Extensions.csproj", "{0FB141D5-4064-4EA4-9E99-98989C00EA1A}"
EndProject
Project("{2150E333-8FDC-42A3-9474-1A3956D46DE8}") = "KWFAuthentication", "KWFAuthentication", "{A4888E0B-CFD9-4BC7-A761-EA33AC3D8C34}"
EndProject
Project("{9A19103F-16F7-4668-BE54-9A1E7A4F7556}") = "Abstractions", "KWFAuthentication\Abstractions\Abstractions.csproj", "{E3CF2C06-FE51-488B-A221-773D61B57DAF}"
EndProject
Project("{9A19103F-16F7-4668-BE54-9A1E7A4F7556}") = "Implementation", "KWFAuthentication\Implementation\Implementation.csproj", "{829C8250-6458-41A8-87E5-19FE754F94B3}"
EndProject
Project("{9A19103F-16F7-4668-BE54-9A1E7A4F7556}") = "Extensions", "KWFAuthentication\Extensions\Extensions.csproj", "{3703BE24-2BE3-440F-B5EA-A5F0341F354D}"
EndProject
Project("{2150E333-8FDC-42A3-9474-1A3956D46DE8}") = "KWFWebApi", "KWFWebApi", "{1E7071B3-E819-4F63-A6D1-38F3C860B8BD}"
EndProject
Project("{9A19103F-16F7-4668-BE54-9A1E7A4F7556}") = "Extensions", "KWFWebApi\Extensions\Extensions.csproj", "{AF0F8CB4-6B89-45D5-AF83-FA1558CBCF8A}"
EndProject
Project("{2150E333-8FDC-42A3-9474-1A3956D46DE8}") = "Sample", "Sample", "{7D32DB56-DA03-4012-8EBE-077647EE28FE}"
EndProject
Project("{9A19103F-16F7-4668-BE54-9A1E7A4F7556}") = "SampleApi", "Sample\SampleApi\SampleApi.csproj", "{02EB20AA-F2D1-42B5-8E6D-7894CA56F8BD}"
EndProject
Project("{9A19103F-16F7-4668-BE54-9A1E7A4F7556}") = "Implementation", "KWFWebApi\Implementation\Implementation.csproj", "{4DCFACFB-A731-4184-AB0F-DFAF17A1E1FF}"
EndProject
Project("{9A19103F-16F7-4668-BE54-9A1E7A4F7556}") = "Abstractions", "KWFWebApi\Abstractions\Abstractions.csproj", "{9DA2DFFB-FD9A-43B8-9B73-03EED5F8A82B}"
EndProject
Project("{2150E333-8FDC-42A3-9474-1A3956D46DE8}") = "KWFLogger", "KWFLogger", "{2AD67A40-3611-443E-8C66-5870AA70F961}"
EndProject
Project("{9A19103F-16F7-4668-BE54-9A1E7A4F7556}") = "KWFFileLogger", "KWFLogger\KWFFileLogger\KWFFileLogger.csproj", "{2777BB32-38BF-4D72-B9AA-10C5E97276B5}"
EndProject
Project("{9A19103F-16F7-4668-BE54-9A1E7A4F7556}") = "KWFEventLogger", "KWFLogger\KWFEventLogger\KWFEventLogger.csproj", "{528E0EB2-3822-4D37-89F9-F1D161AAF08F}"
EndProject
Project("{2150E333-8FDC-42A3-9474-1A3956D46DE8}") = "KWFEventBus", "KWFEventBus", "{BC5691DA-5435-43E9-8CDA-B6DB9C7C1879}"
EndProject
Project("{2150E333-8FDC-42A3-9474-1A3956D46DE8}") = "KWFCaching", "KWFCaching", "{116C5965-EFAC-4C72-B3F9-D77C755F7833}"
EndProject
Project("{2150E333-8FDC-42A3-9474-1A3956D46DE8}") = "KWFDatabase", "KWFDatabase", "{B5D0CA02-B9FF-4137-9982-E69826E17807}"
EndProject
Project("{2150E333-8FDC-42A3-9474-1A3956D46DE8}") = "KWFValidation", "KWFValidation", "{5E67BFE4-3A8A-4878-A9AB-B044307BE484}"
EndProject
Project("{9A19103F-16F7-4668-BE54-9A1E7A4F7556}") = "KWFKafka", "KWFEventBus\KWFKafka\KWFKafka.csproj", "{C2F21749-5D26-4C97-AFC5-9E364C7C515E}"
EndProject
Project("{9A19103F-16F7-4668-BE54-9A1E7A4F7556}") = "KWFCQRSValidation", "KWFValidation\KWFCQRSValidation\KWFCQRSValidation.csproj", "{F328D932-38AB-4B7E-B069-27BA25209423}"
EndProject
Project("{9A19103F-16F7-4668-BE54-9A1E7A4F7556}") = "Redis", "KWFCaching\Redis\Redis.csproj", "{5F333E61-289A-4559-8A8C-BEEDB6CF5996}"
EndProject
Project("{9A19103F-16F7-4668-BE54-9A1E7A4F7556}") = "Memory", "KWFCaching\Memory\Memory.csproj", "{124F143E-FF26-4C55-95E3-F62BAE660E62}"
EndProject
Project("{9A19103F-16F7-4668-BE54-9A1E7A4F7556}") = "SQLEntityFramework", "KWFDatabase\SQLEntityFramework\SQLEntityFramework.csproj", "{436636B9-1675-40F8-AFFF-096A97991B3E}"
EndProject
Project("{FAE04EC0-301F-11D3-BF4B-00C04F79EFBC}") = "Abstractions", "KWFEventBus\Abstractions\Abstractions.csproj", "{B9F1F1AD-9710-40E4-BF66-3FE405CFD688}"
EndProject
Global
	GlobalSection(SolutionConfigurationPlatforms) = preSolution
		Debug|Any CPU = Debug|Any CPU
		Release|Any CPU = Release|Any CPU
	EndGlobalSection
	GlobalSection(ProjectConfigurationPlatforms) = postSolution
		{3C9833CF-F8C8-4146-B74C-64CA0932DC65}.Debug|Any CPU.ActiveCfg = Debug|Any CPU
		{3C9833CF-F8C8-4146-B74C-64CA0932DC65}.Debug|Any CPU.Build.0 = Debug|Any CPU
		{3C9833CF-F8C8-4146-B74C-64CA0932DC65}.Release|Any CPU.ActiveCfg = Release|Any CPU
		{3C9833CF-F8C8-4146-B74C-64CA0932DC65}.Release|Any CPU.Build.0 = Release|Any CPU
		{1BA26171-8C58-4F16-801A-261631089C61}.Debug|Any CPU.ActiveCfg = Debug|Any CPU
		{1BA26171-8C58-4F16-801A-261631089C61}.Debug|Any CPU.Build.0 = Debug|Any CPU
		{1BA26171-8C58-4F16-801A-261631089C61}.Release|Any CPU.ActiveCfg = Release|Any CPU
		{1BA26171-8C58-4F16-801A-261631089C61}.Release|Any CPU.Build.0 = Release|Any CPU
		{0FB141D5-4064-4EA4-9E99-98989C00EA1A}.Debug|Any CPU.ActiveCfg = Debug|Any CPU
		{0FB141D5-4064-4EA4-9E99-98989C00EA1A}.Debug|Any CPU.Build.0 = Debug|Any CPU
		{0FB141D5-4064-4EA4-9E99-98989C00EA1A}.Release|Any CPU.ActiveCfg = Release|Any CPU
		{0FB141D5-4064-4EA4-9E99-98989C00EA1A}.Release|Any CPU.Build.0 = Release|Any CPU
		{E3CF2C06-FE51-488B-A221-773D61B57DAF}.Debug|Any CPU.ActiveCfg = Debug|Any CPU
		{E3CF2C06-FE51-488B-A221-773D61B57DAF}.Debug|Any CPU.Build.0 = Debug|Any CPU
		{E3CF2C06-FE51-488B-A221-773D61B57DAF}.Release|Any CPU.ActiveCfg = Release|Any CPU
		{E3CF2C06-FE51-488B-A221-773D61B57DAF}.Release|Any CPU.Build.0 = Release|Any CPU
		{829C8250-6458-41A8-87E5-19FE754F94B3}.Debug|Any CPU.ActiveCfg = Debug|Any CPU
		{829C8250-6458-41A8-87E5-19FE754F94B3}.Debug|Any CPU.Build.0 = Debug|Any CPU
		{829C8250-6458-41A8-87E5-19FE754F94B3}.Release|Any CPU.ActiveCfg = Release|Any CPU
		{829C8250-6458-41A8-87E5-19FE754F94B3}.Release|Any CPU.Build.0 = Release|Any CPU
		{3703BE24-2BE3-440F-B5EA-A5F0341F354D}.Debug|Any CPU.ActiveCfg = Debug|Any CPU
		{3703BE24-2BE3-440F-B5EA-A5F0341F354D}.Debug|Any CPU.Build.0 = Debug|Any CPU
		{3703BE24-2BE3-440F-B5EA-A5F0341F354D}.Release|Any CPU.ActiveCfg = Release|Any CPU
		{3703BE24-2BE3-440F-B5EA-A5F0341F354D}.Release|Any CPU.Build.0 = Release|Any CPU
		{AF0F8CB4-6B89-45D5-AF83-FA1558CBCF8A}.Debug|Any CPU.ActiveCfg = Debug|Any CPU
		{AF0F8CB4-6B89-45D5-AF83-FA1558CBCF8A}.Debug|Any CPU.Build.0 = Debug|Any CPU
		{AF0F8CB4-6B89-45D5-AF83-FA1558CBCF8A}.Release|Any CPU.ActiveCfg = Release|Any CPU
		{AF0F8CB4-6B89-45D5-AF83-FA1558CBCF8A}.Release|Any CPU.Build.0 = Release|Any CPU
		{02EB20AA-F2D1-42B5-8E6D-7894CA56F8BD}.Debug|Any CPU.ActiveCfg = Debug|Any CPU
		{02EB20AA-F2D1-42B5-8E6D-7894CA56F8BD}.Debug|Any CPU.Build.0 = Debug|Any CPU
		{02EB20AA-F2D1-42B5-8E6D-7894CA56F8BD}.Release|Any CPU.ActiveCfg = Release|Any CPU
		{02EB20AA-F2D1-42B5-8E6D-7894CA56F8BD}.Release|Any CPU.Build.0 = Release|Any CPU
		{4DCFACFB-A731-4184-AB0F-DFAF17A1E1FF}.Debug|Any CPU.ActiveCfg = Debug|Any CPU
		{4DCFACFB-A731-4184-AB0F-DFAF17A1E1FF}.Debug|Any CPU.Build.0 = Debug|Any CPU
		{4DCFACFB-A731-4184-AB0F-DFAF17A1E1FF}.Release|Any CPU.ActiveCfg = Release|Any CPU
		{4DCFACFB-A731-4184-AB0F-DFAF17A1E1FF}.Release|Any CPU.Build.0 = Release|Any CPU
		{9DA2DFFB-FD9A-43B8-9B73-03EED5F8A82B}.Debug|Any CPU.ActiveCfg = Debug|Any CPU
		{9DA2DFFB-FD9A-43B8-9B73-03EED5F8A82B}.Debug|Any CPU.Build.0 = Debug|Any CPU
		{9DA2DFFB-FD9A-43B8-9B73-03EED5F8A82B}.Release|Any CPU.ActiveCfg = Release|Any CPU
		{9DA2DFFB-FD9A-43B8-9B73-03EED5F8A82B}.Release|Any CPU.Build.0 = Release|Any CPU
		{2777BB32-38BF-4D72-B9AA-10C5E97276B5}.Debug|Any CPU.ActiveCfg = Debug|Any CPU
		{2777BB32-38BF-4D72-B9AA-10C5E97276B5}.Debug|Any CPU.Build.0 = Debug|Any CPU
		{2777BB32-38BF-4D72-B9AA-10C5E97276B5}.Release|Any CPU.ActiveCfg = Release|Any CPU
		{2777BB32-38BF-4D72-B9AA-10C5E97276B5}.Release|Any CPU.Build.0 = Release|Any CPU
		{528E0EB2-3822-4D37-89F9-F1D161AAF08F}.Debug|Any CPU.ActiveCfg = Debug|Any CPU
		{528E0EB2-3822-4D37-89F9-F1D161AAF08F}.Debug|Any CPU.Build.0 = Debug|Any CPU
		{528E0EB2-3822-4D37-89F9-F1D161AAF08F}.Release|Any CPU.ActiveCfg = Release|Any CPU
		{528E0EB2-3822-4D37-89F9-F1D161AAF08F}.Release|Any CPU.Build.0 = Release|Any CPU
		{C2F21749-5D26-4C97-AFC5-9E364C7C515E}.Debug|Any CPU.ActiveCfg = Debug|Any CPU
		{C2F21749-5D26-4C97-AFC5-9E364C7C515E}.Debug|Any CPU.Build.0 = Debug|Any CPU
		{C2F21749-5D26-4C97-AFC5-9E364C7C515E}.Release|Any CPU.ActiveCfg = Release|Any CPU
		{C2F21749-5D26-4C97-AFC5-9E364C7C515E}.Release|Any CPU.Build.0 = Release|Any CPU
		{F328D932-38AB-4B7E-B069-27BA25209423}.Debug|Any CPU.ActiveCfg = Debug|Any CPU
		{F328D932-38AB-4B7E-B069-27BA25209423}.Debug|Any CPU.Build.0 = Debug|Any CPU
		{F328D932-38AB-4B7E-B069-27BA25209423}.Release|Any CPU.ActiveCfg = Release|Any CPU
		{F328D932-38AB-4B7E-B069-27BA25209423}.Release|Any CPU.Build.0 = Release|Any CPU
		{5F333E61-289A-4559-8A8C-BEEDB6CF5996}.Debug|Any CPU.ActiveCfg = Debug|Any CPU
		{5F333E61-289A-4559-8A8C-BEEDB6CF5996}.Debug|Any CPU.Build.0 = Debug|Any CPU
		{5F333E61-289A-4559-8A8C-BEEDB6CF5996}.Release|Any CPU.ActiveCfg = Release|Any CPU
		{5F333E61-289A-4559-8A8C-BEEDB6CF5996}.Release|Any CPU.Build.0 = Release|Any CPU
		{124F143E-FF26-4C55-95E3-F62BAE660E62}.Debug|Any CPU.ActiveCfg = Debug|Any CPU
		{124F143E-FF26-4C55-95E3-F62BAE660E62}.Debug|Any CPU.Build.0 = Debug|Any CPU
		{124F143E-FF26-4C55-95E3-F62BAE660E62}.Release|Any CPU.ActiveCfg = Release|Any CPU
		{124F143E-FF26-4C55-95E3-F62BAE660E62}.Release|Any CPU.Build.0 = Release|Any CPU
		{436636B9-1675-40F8-AFFF-096A97991B3E}.Debug|Any CPU.ActiveCfg = Debug|Any CPU
		{436636B9-1675-40F8-AFFF-096A97991B3E}.Debug|Any CPU.Build.0 = Debug|Any CPU
		{436636B9-1675-40F8-AFFF-096A97991B3E}.Release|Any CPU.ActiveCfg = Release|Any CPU
		{436636B9-1675-40F8-AFFF-096A97991B3E}.Release|Any CPU.Build.0 = Release|Any CPU
		{B9F1F1AD-9710-40E4-BF66-3FE405CFD688}.Debug|Any CPU.ActiveCfg = Debug|Any CPU
		{B9F1F1AD-9710-40E4-BF66-3FE405CFD688}.Debug|Any CPU.Build.0 = Debug|Any CPU
		{B9F1F1AD-9710-40E4-BF66-3FE405CFD688}.Release|Any CPU.ActiveCfg = Release|Any CPU
		{B9F1F1AD-9710-40E4-BF66-3FE405CFD688}.Release|Any CPU.Build.0 = Release|Any CPU
	EndGlobalSection
	GlobalSection(SolutionProperties) = preSolution
		HideSolutionNode = FALSE
	EndGlobalSection
	GlobalSection(NestedProjects) = preSolution
		{3C9833CF-F8C8-4146-B74C-64CA0932DC65} = {8777F49D-3609-41BF-A73E-E8047EEA1CE3}
		{1BA26171-8C58-4F16-801A-261631089C61} = {8777F49D-3609-41BF-A73E-E8047EEA1CE3}
		{0FB141D5-4064-4EA4-9E99-98989C00EA1A} = {8777F49D-3609-41BF-A73E-E8047EEA1CE3}
		{E3CF2C06-FE51-488B-A221-773D61B57DAF} = {A4888E0B-CFD9-4BC7-A761-EA33AC3D8C34}
		{829C8250-6458-41A8-87E5-19FE754F94B3} = {A4888E0B-CFD9-4BC7-A761-EA33AC3D8C34}
		{3703BE24-2BE3-440F-B5EA-A5F0341F354D} = {A4888E0B-CFD9-4BC7-A761-EA33AC3D8C34}
		{AF0F8CB4-6B89-45D5-AF83-FA1558CBCF8A} = {1E7071B3-E819-4F63-A6D1-38F3C860B8BD}
		{02EB20AA-F2D1-42B5-8E6D-7894CA56F8BD} = {7D32DB56-DA03-4012-8EBE-077647EE28FE}
		{4DCFACFB-A731-4184-AB0F-DFAF17A1E1FF} = {1E7071B3-E819-4F63-A6D1-38F3C860B8BD}
		{9DA2DFFB-FD9A-43B8-9B73-03EED5F8A82B} = {1E7071B3-E819-4F63-A6D1-38F3C860B8BD}
		{2777BB32-38BF-4D72-B9AA-10C5E97276B5} = {2AD67A40-3611-443E-8C66-5870AA70F961}
		{528E0EB2-3822-4D37-89F9-F1D161AAF08F} = {2AD67A40-3611-443E-8C66-5870AA70F961}
		{C2F21749-5D26-4C97-AFC5-9E364C7C515E} = {BC5691DA-5435-43E9-8CDA-B6DB9C7C1879}
		{F328D932-38AB-4B7E-B069-27BA25209423} = {5E67BFE4-3A8A-4878-A9AB-B044307BE484}
		{5F333E61-289A-4559-8A8C-BEEDB6CF5996} = {116C5965-EFAC-4C72-B3F9-D77C755F7833}
		{124F143E-FF26-4C55-95E3-F62BAE660E62} = {116C5965-EFAC-4C72-B3F9-D77C755F7833}
		{436636B9-1675-40F8-AFFF-096A97991B3E} = {B5D0CA02-B9FF-4137-9982-E69826E17807}
		{B9F1F1AD-9710-40E4-BF66-3FE405CFD688} = {BC5691DA-5435-43E9-8CDA-B6DB9C7C1879}
	EndGlobalSection
	GlobalSection(ExtensibilityGlobals) = postSolution
		SolutionGuid = {CF837ABA-24C4-4640-9485-F144768A585A}
	EndGlobalSection
EndGlobal
